
Microsoft Visual Studio Solution File, Format Version 12.00
# Visual Studio Version 17
VisualStudioVersion = 17.7.34031.279
MinimumVisualStudioVersion = 10.0.40219.1
Project("{FAE04EC0-301F-11D3-BF4B-00C04F79EFBC}") = "CapaPresentacion", "CapaPresentacion\CapaPresentacion.csproj", "{D7868021-4920-4B78-8B84-500E6101F93D}"
EndProject
Project("{FAE04EC0-301F-11D3-BF4B-00C04F79EFBC}") = "Entidades", "Entidades\Entidades.csproj", "{5C571142-7FCD-47D9-B7FF-2427A30BAF80}"
EndProject
Project("{FAE04EC0-301F-11D3-BF4B-00C04F79EFBC}") = "CapaNegocio", "CapaNegocio\CapaNegocio.csproj", "{ABC26238-FB7B-4D99-B876-F46C205AAC36}"
EndProject
Project("{FAE04EC0-301F-11D3-BF4B-00C04F79EFBC}") = "CapaDatos", "CapaDatos\CapaDatos.csproj", "{348E0167-1F15-4694-AAD9-C7235AEE860B}"
EndProject
Global
	GlobalSection(SolutionConfigurationPlatforms) = preSolution
		Debug|Any CPU = Debug|Any CPU
		Release|Any CPU = Release|Any CPU
	EndGlobalSection
	GlobalSection(ProjectConfigurationPlatforms) = postSolution
		{D7868021-4920-4B78-8B84-500E6101F93D}.Debug|Any CPU.ActiveCfg = Debug|Any CPU
		{D7868021-4920-4B78-8B84-500E6101F93D}.Debug|Any CPU.Build.0 = Debug|Any CPU
		{D7868021-4920-4B78-8B84-500E6101F93D}.Release|Any CPU.ActiveCfg = Release|Any CPU
		{D7868021-4920-4B78-8B84-500E6101F93D}.Release|Any CPU.Build.0 = Release|Any CPU
		{5C571142-7FCD-47D9-B7FF-2427A30BAF80}.Debug|Any CPU.ActiveCfg = Debug|Any CPU
		{5C571142-7FCD-47D9-B7FF-2427A30BAF80}.Debug|Any CPU.Build.0 = Debug|Any CPU
		{5C571142-7FCD-47D9-B7FF-2427A30BAF80}.Release|Any CPU.ActiveCfg = Release|Any CPU
		{5C571142-7FCD-47D9-B7FF-2427A30BAF80}.Release|Any CPU.Build.0 = Release|Any CPU
		{ABC26238-FB7B-4D99-B876-F46C205AAC36}.Debug|Any CPU.ActiveCfg = Debug|Any CPU
		{ABC26238-FB7B-4D99-B876-F46C205AAC36}.Debug|Any CPU.Build.0 = Debug|Any CPU
		{ABC26238-FB7B-4D99-B876-F46C205AAC36}.Release|Any CPU.ActiveCfg = Release|Any CPU
		{ABC26238-FB7B-4D99-B876-F46C205AAC36}.Release|Any CPU.Build.0 = Release|Any CPU
		{348E0167-1F15-4694-AAD9-C7235AEE860B}.Debug|Any CPU.ActiveCfg = Debug|Any CPU
		{348E0167-1F15-4694-AAD9-C7235AEE860B}.Debug|Any CPU.Build.0 = Debug|Any CPU
		{348E0167-1F15-4694-AAD9-C7235AEE860B}.Release|Any CPU.ActiveCfg = Release|Any CPU
		{348E0167-1F15-4694-AAD9-C7235AEE860B}.Release|Any CPU.Build.0 = Release|Any CPU
	EndGlobalSection
	GlobalSection(SolutionProperties) = preSolution
		HideSolutionNode = FALSE
	EndGlobalSection
	GlobalSection(ExtensibilityGlobals) = postSolution
		SolutionGuid = {8F7F6095-8B89-42A4-B980-94041C74A952}
	EndGlobalSection
EndGlobal
